
Microsoft Visual Studio Solution File, Format Version 12.00
# Visual Studio 15
VisualStudioVersion = 15.0.28307.489
MinimumVisualStudioVersion = 10.0.40219.1
Project("{FAE04EC0-301F-11D3-BF4B-00C04F79EFBC}") = "EncapsulationUsingwinforms", "EncapsulationUsingwinforms\EncapsulationUsingwinforms.csproj", "{D4247CD0-C4D8-44F9-9B43-479D85670481}"
EndProject
Project("{FAE04EC0-301F-11D3-BF4B-00C04F79EFBC}") = "InharitanceUisngConsole", "InharitanceUisngConsole\InharitanceUisngConsole.csproj", "{6B6E0369-6186-40B7-84AE-DE9BAB2EDD00}"
EndProject
Project("{FAE04EC0-301F-11D3-BF4B-00C04F79EFBC}") = "PloymorphsimConsole", "PloymorphsimConsole\PloymorphsimConsole.csproj", "{030A02E9-8C96-49B6-9391-92D63906B21A}"
EndProject
Project("{FAE04EC0-301F-11D3-BF4B-00C04F79EFBC}") = "ExceptionHandling", "ExceptionHandling\ExceptionHandling.csproj", "{4BABE42D-ABE3-4FEB-8ACC-446C07846B9D}"
EndProject
Project("{FAE04EC0-301F-11D3-BF4B-00C04F79EFBC}") = "CollectionUisngConsole", "CollectionUisngConsole\CollectionUisngConsole.csproj", "{B7CAE31A-8562-4C1E-BB0D-8C6C70A6A11A}"
EndProject
Global
	GlobalSection(SolutionConfigurationPlatforms) = preSolution
		Debug|Any CPU = Debug|Any CPU
		Release|Any CPU = Release|Any CPU
	EndGlobalSection
	GlobalSection(ProjectConfigurationPlatforms) = postSolution
		{D4247CD0-C4D8-44F9-9B43-479D85670481}.Debug|Any CPU.ActiveCfg = Debug|Any CPU
		{D4247CD0-C4D8-44F9-9B43-479D85670481}.Debug|Any CPU.Build.0 = Debug|Any CPU
		{D4247CD0-C4D8-44F9-9B43-479D85670481}.Release|Any CPU.ActiveCfg = Release|Any CPU
		{D4247CD0-C4D8-44F9-9B43-479D85670481}.Release|Any CPU.Build.0 = Release|Any CPU
		{6B6E0369-6186-40B7-84AE-DE9BAB2EDD00}.Debug|Any CPU.ActiveCfg = Debug|Any CPU
		{6B6E0369-6186-40B7-84AE-DE9BAB2EDD00}.Debug|Any CPU.Build.0 = Debug|Any CPU
		{6B6E0369-6186-40B7-84AE-DE9BAB2EDD00}.Release|Any CPU.ActiveCfg = Release|Any CPU
		{6B6E0369-6186-40B7-84AE-DE9BAB2EDD00}.Release|Any CPU.Build.0 = Release|Any CPU
		{030A02E9-8C96-49B6-9391-92D63906B21A}.Debug|Any CPU.ActiveCfg = Debug|Any CPU
		{030A02E9-8C96-49B6-9391-92D63906B21A}.Debug|Any CPU.Build.0 = Debug|Any CPU
		{030A02E9-8C96-49B6-9391-92D63906B21A}.Release|Any CPU.ActiveCfg = Release|Any CPU
		{030A02E9-8C96-49B6-9391-92D63906B21A}.Release|Any CPU.Build.0 = Release|Any CPU
		{4BABE42D-ABE3-4FEB-8ACC-446C07846B9D}.Debug|Any CPU.ActiveCfg = Debug|Any CPU
		{4BABE42D-ABE3-4FEB-8ACC-446C07846B9D}.Debug|Any CPU.Build.0 = Debug|Any CPU
		{4BABE42D-ABE3-4FEB-8ACC-446C07846B9D}.Release|Any CPU.ActiveCfg = Release|Any CPU
		{4BABE42D-ABE3-4FEB-8ACC-446C07846B9D}.Release|Any CPU.Build.0 = Release|Any CPU
		{B7CAE31A-8562-4C1E-BB0D-8C6C70A6A11A}.Debug|Any CPU.ActiveCfg = Debug|Any CPU
		{B7CAE31A-8562-4C1E-BB0D-8C6C70A6A11A}.Debug|Any CPU.Build.0 = Debug|Any CPU
		{B7CAE31A-8562-4C1E-BB0D-8C6C70A6A11A}.Release|Any CPU.ActiveCfg = Release|Any CPU
		{B7CAE31A-8562-4C1E-BB0D-8C6C70A6A11A}.Release|Any CPU.Build.0 = Release|Any CPU
	EndGlobalSection
	GlobalSection(SolutionProperties) = preSolution
		HideSolutionNode = FALSE
	EndGlobalSection
	GlobalSection(ExtensibilityGlobals) = postSolution
		SolutionGuid = {816E8A67-7434-4E10-B5D4-4822623C86A7}
	EndGlobalSection
EndGlobal
